PODS:
  - Alamofire (5.2.2)
  - Differentiator (4.0.1)
  - FunBox (0.5.35):
    - FunBox/Box (= 0.5.35)
    - FunBox/Core (= 0.5.35)
    - FunBox/Fun (= 0.5.35)
    - FunBox/Modules (= 0.5.35)
    - Kingfisher (~> 5.15.0)
  - FunBox/Box (0.5.35):
    - FunBox/Box/UI (= 0.5.35)
    - FunBox/Box/Utils (= 0.5.35)
    - Kingfisher (~> 5.15.0)
  - FunBox/Box/UI (0.5.35):
    - FunBox/Fun
    - Kingfisher (~> 5.15.0)
  - FunBox/Box/Utils (0.5.35):
    - FunBox/Fun
    - Kingfisher (~> 5.15.0)
  - FunBox/Core (0.5.35):
    - FunBox/Box/UI
    - FunBox/Box/Utils
    - FunBox/Fun
    - Kingfisher (~> 5.15.0)
  - FunBox/Fun (0.5.35):
    - Kingfisher (~> 5.15.0)
  - FunBox/Modules (0.5.35):
    - FunBox/Core
    - FunBox/Modules/FunAlamofire (= 0.5.35)
    - FunBox/Modules/FunMediaHelper (= 0.5.35)
    - FunBox/Modules/FunScan (= 0.5.35)
    - FunBox/Modules/FunUI (= 0.5.35)
    - FunBox/Modules/FunWebImage (= 0.5.35)
    - FunBox/Modules/RxFunBox (= 0.5.35)
    - Kingfisher (~> 5.15.0)
  - FunBox/Modules/FunAlamofire (0.5.35):
    - Alamofire (~> 5.2.2)
    - FunBox/Core
    - Kingfisher (~> 5.15.0)
  - FunBox/Modules/FunMediaHelper (0.5.35):
    - FunBox/Core
    - FunBox/Modules/FunUI
    - FunBox/Modules/FunWebImage
    - JXPhotoBrowser (~> 3.1.2)
    - Kingfisher (~> 5.15.0)
    - TZImagePickerController (= 3.4.8)
  - FunBox/Modules/FunScan (0.5.35):
    - FunBox/Core
    - FunBox/Modules/FunUI
    - Kingfisher (~> 5.15.0)
  - FunBox/Modules/FunUI (0.5.35):
    - FunBox/Core
    - Kingfisher (~> 5.15.0)
  - FunBox/Modules/FunWebImage (0.5.35):
    - FunBox/Core
    - Kingfisher (~> 5.15.0)
  - FunBox/Modules/RxFunBox (0.5.35):
    - FunBox/Core
    - Kingfisher (~> 5.15.0)
    - RxCocoa (~> 5.1.1)
    - RxDataSources (~> 4.0.1)
    - RxSwift (~> 5.1.1)
  - JXPhotoBrowser (3.1.2)
  - Kingfisher (5.15.8):
    - Kingfisher/Core (= 5.15.8)
  - Kingfisher/Core (5.15.8)
  - RxCocoa (5.1.1):
    - RxRelay (~> 5)
    - RxSwift (~> 5)
  - RxDataSources (4.0.1):
    - Differentiator (~> 4.0)
    - RxCocoa (~> 5.0)
    - RxSwift (~> 5.0)
  - RxRelay (5.1.1):
    - RxSwift (~> 5)
  - RxSwift (5.1.1)
  - TZImagePickerController (3.4.8)

DEPENDENCIES:
  - FunBox (from `../`)

SPEC REPOS:
  trunk:
    - Alamofire
    - Differentiator
    - JXPhotoBrowser
    - Kingfisher
    - RxCocoa
    - RxDataSources
    - RxRelay
    - RxSwift
    - TZImagePickerController

EXTERNAL SOURCES:
  FunBox:
    :path: "../"

SPEC CHECKSUMS:
  Alamofire: 814429acc853c6c54ff123fc3d2ef66803823ce0
  Differentiator: 886080237d9f87f322641dedbc5be257061b0602
  FunBox: f1f6e208d0e0011f9a7e38c4c4ea901622e68a0a
  JXPhotoBrowser: 7f0bc11f02fbc84ae06829f922f32ce822aa9661
  Kingfisher: a3c03d702433fa6cfedabb2bddbe076fb8f2e902
  RxCocoa: 32065309a38d29b5b0db858819b5bf9ef038b601
  RxDataSources: efee07fa4de48477eca0a4611e6d11e2da9c1114
  RxRelay: d77f7d771495f43c556cbc43eebd1bb54d01e8e9
  RxSwift: 81470a2074fa8780320ea5fe4102807cb7118178
  TZImagePickerController: 6685e6d81b8fd5453e80ba369dd4ebd6e97276ee

PODFILE CHECKSUM: 14ea27deabf175d829abd82be6933c9d811ffef9

COCOAPODS: 1.10.0
