PODS:
  - Alamofire (5.2.2)
  - FunBox (0.4.20):
    - FunBox/Core (= 0.4.20)
    - FunBox/Extension (= 0.4.20)
    - FunBox/Main (= 0.4.20)
    - FunBox/Modules (= 0.4.20)
    - FunBox/UI (= 0.4.20)
    - FunBox/Utils (= 0.4.20)
  - FunBox/Core (0.4.20):
    - FunBox/Extension
    - FunBox/Main
    - FunBox/UI
    - FunBox/Utils
  - FunBox/Extension (0.4.20):
    - FunBox/Main
  - FunBox/Main (0.4.20)
  - FunBox/Modules (0.4.20):
    - FunBox/Modules/FunUI (= 0.4.20)
    - FunBox/Modules/Networking (= 0.4.20)
  - FunBox/Modules/FunUI (0.4.20):
    - FunBox/Core
  - FunBox/Modules/Networking (0.4.20):
    - Alamofire (~> 5.2.2)
    - FunBox/Core
  - FunBox/UI (0.4.20):
    - FunBox/Extension
    - FunBox/Main
  - FunBox/Utils (0.4.20):
    - FunBox/Extension
    - FunBox/Main

DEPENDENCIES:
  - FunBox (from `../`)

SPEC REPOS:
  trunk:
    - Alamofire

EXTERNAL SOURCES:
  FunBox:
    :path: "../"

SPEC CHECKSUMS:
  Alamofire: 814429acc853c6c54ff123fc3d2ef66803823ce0
  FunBox: 31a1b82479f2605159fce43f1972c607f1cec00c

PODFILE CHECKSUM: 14ea27deabf175d829abd82be6933c9d811ffef9

COCOAPODS: 1.10.0.beta.2
