{
  "object": {
    "pins": [
      {
        "package": "Alamofire",
        "repositoryURL": "https://github.com/Alamofire/Alamofire.git",
        "state": {
          "branch": null,
          "revision": "eaf6e622dd41b07b251d8f01752eab31bc811493",
          "version": "5.4.1"
        }
      },
      {
        "package": "Kingfisher",
        "repositoryURL": "https://github.com/onevcat/Kingfisher.git",
        "state": {
          "branch": null,
          "revision": "2a10bf41da75599a9f8e872dbd44fe0155a2e00c",
          "version": "5.15.8"
        }
      },
      {
        "package": "JXPhotoBrowser",
        "repositoryURL": "https://github.com/JiongXing/PhotoBrowser.git",
        "state": {
          "branch": null,
          "revision": "1fa04a63ceee8cd68aff9d8df8822432ebf38fa1",
          "version": "3.1.2"
        }
      },
      {
        "package": "RxDataSources",
        "repositoryURL": "https://github.com/RxSwiftCommunity/RxDataSources.git",
        "state": {
          "branch": null,
          "revision": "a18cee01c9ee55f04d0c7eb15c77a96c3648c88e",
          "version": "4.0.1"
        }
      },
      {
        "package": "RxSwift",
        "repositoryURL": "https://github.com/ReactiveX/RxSwift.git",
        "state": {
          "branch": null,
          "revision": "002d325b0bdee94e7882e1114af5ff4fe1e96afa",
          "version": "5.1.1"
        }
      },
      {
        "package": "TZImagePickerController",
        "repositoryURL": "https://github.com/banchichen/TZImagePickerController.git",
        "state": {
          "branch": null,
          "revision": "dc168fd1fdf34948fb7854196e83bf349feb58d0",
          "version": "3.5.8"
        }
      }
    ]
  },
  "version": 1
}
