// !$*UTF8*$!
{
	archiveVersion = 1;
	classes = {
	};
	objectVersion = 52;
	objects = {

/* Begin PBXBuildFile section */
		49031FA326859EE2004E75D7 /* Router.swift in Sources */ = {isa = PBXBuildFile; fileRef = 49031FA226859EE2004E75D7 /* Router.swift */; };
		49031FA52685A457004E75D7 /* CoreKit.podspec in Resources */ = {isa = PBXBuildFile; fileRef = 49031FA42685A457004E75D7 /* CoreKit.podspec */; };
		4918B23F25BF04DD00E330CA /* Launch Screen.storyboard in Resources */ = {isa = PBXBuildFile; fileRef = 4918B23E25BF04DD00E330CA /* Launch Screen.storyboard */; };
		4938EDB225D25EC100E0862E /* TestTableViewController.swift in Sources */ = {isa = PBXBuildFile; fileRef = 4938EDB125D25EC100E0862E /* TestTableViewController.swift */; };
		4938EDB725D2605A00E0862E /* HandyJSON in Frameworks */ = {isa = PBXBuildFile; productRef = 4938EDB625D2605A00E0862E /* HandyJSON */; };
		4938EDBD25D2666300E0862E /* Test.json in Resources */ = {isa = PBXBuildFile; fileRef = 4938EDBA25D260C600E0862E /* Test.json */; };
		4948E92126B3EF89008C5A3F /* AVVPNServiceDelegate.swift in Sources */ = {isa = PBXBuildFile; fileRef = 4948E91C26B3EF89008C5A3F /* AVVPNServiceDelegate.swift */; };
		4948E92226B3EF89008C5A3F /* AVVPNUserDefaultsService.swift in Sources */ = {isa = PBXBuildFile; fileRef = 4948E91D26B3EF89008C5A3F /* AVVPNUserDefaultsService.swift */; };
		4948E92326B3EF89008C5A3F /* AVVPNKeychainService.swift in Sources */ = {isa = PBXBuildFile; fileRef = 4948E91E26B3EF89008C5A3F /* AVVPNKeychainService.swift */; };
		4948E92426B3EF89008C5A3F /* AVVPNService.swift in Sources */ = {isa = PBXBuildFile; fileRef = 4948E91F26B3EF89008C5A3F /* AVVPNService.swift */; };
		4948E92526B3EF89008C5A3F /* AVVPNCredentials.swift in Sources */ = {isa = PBXBuildFile; fileRef = 4948E92026B3EF89008C5A3F /* AVVPNCredentials.swift */; };
		496D55E62685D889001CB081 /* WeChatViewController.swift in Sources */ = {isa = PBXBuildFile; fileRef = 496D55E52685D889001CB081 /* WeChatViewController.swift */; };
		4982911B26AA5B640095F7A8 /* NetworkExtension.framework in Frameworks */ = {isa = PBXBuildFile; fileRef = 4982911A26AA5B640095F7A8 /* NetworkExtension.framework */; };
		4989CEC826B24D86006B36C6 /* VPNManager.swift in Sources */ = {isa = PBXBuildFile; fileRef = 4989CEC726B24D86006B36C6 /* VPNManager.swift */; };
		4989CECA26B25CCF006B36C6 /* NEKitRule.conf in Resources */ = {isa = PBXBuildFile; fileRef = 4989CEC926B25CCF006B36C6 /* NEKitRule.conf */; };
		49C2938424FBE2F6005880AD /* OCViewController.m in Sources */ = {isa = PBXBuildFile; fileRef = 49C2938324FBE2F6005880AD /* OCViewController.m */; };
		4A39D78224696BA4002BD04D /* TableViewController.swift in Sources */ = {isa = PBXBuildFile; fileRef = 4A39D78124696BA4002BD04D /* TableViewController.swift */; };
		4A6AD9F5253EC119008B1773 /* WebViewController.swift in Sources */ = {isa = PBXBuildFile; fileRef = 4A6AD9F4253EC119008B1773 /* WebViewController.swift */; };
		4A73E2DF25771FC900CD4748 /* WorkModel.swift in Sources */ = {isa = PBXBuildFile; fileRef = 4A73E2D425771FC900CD4748 /* WorkModel.swift */; };
		4A73E2E025771FC900CD4748 /* WorkViewModel.swift in Sources */ = {isa = PBXBuildFile; fileRef = 4A73E2D625771FC900CD4748 /* WorkViewModel.swift */; };
		4A73E2E125771FC900CD4748 /* WorkItem.swift in Sources */ = {isa = PBXBuildFile; fileRef = 4A73E2D825771FC900CD4748 /* WorkItem.swift */; };
		4A73E2E225771FC900CD4748 /* WorkHeader.swift in Sources */ = {isa = PBXBuildFile; fileRef = 4A73E2D925771FC900CD4748 /* WorkHeader.swift */; };
		4A73E2E325771FC900CD4748 /* WorkViewController.swift in Sources */ = {isa = PBXBuildFile; fileRef = 4A73E2DB25771FC900CD4748 /* WorkViewController.swift */; };
		4A73E2E425771FC900CD4748 /* RouteTable.JSON in Resources */ = {isa = PBXBuildFile; fileRef = 4A73E2DD25771FC900CD4748 /* RouteTable.JSON */; };
		4A73E2E525771FC900CD4748 /* WorkItems.JSON in Resources */ = {isa = PBXBuildFile; fileRef = 4A73E2DE25771FC900CD4748 /* WorkItems.JSON */; };
		4AF9769825AFE79F00A1CC9C /* SnapKit in Frameworks */ = {isa = PBXBuildFile; productRef = 4AF9769725AFE79F00A1CC9C /* SnapKit */; };
		607FACD61AFB9204008FA782 /* AppDelegate.swift in Sources */ = {isa = PBXBuildFile; fileRef = 607FACD51AFB9204008FA782 /* AppDelegate.swift */; };
		607FACD81AFB9204008FA782 /* ViewController.swift in Sources */ = {isa = PBXBuildFile; fileRef = 607FACD71AFB9204008FA782 /* ViewController.swift */; };
		607FACDD1AFB9204008FA782 /* Images.xcassets in Resources */ = {isa = PBXBuildFile; fileRef = 607FACDC1AFB9204008FA782 /* Images.xcassets */; };
		607FACEC1AFB9204008FA782 /* Tests.swift in Sources */ = {isa = PBXBuildFile; fileRef = 607FACEB1AFB9204008FA782 /* Tests.swift */; };
		BE18932D05AF67F49E8D109B /* Pods_FunBox_Example.framework in Frameworks */ = {isa = PBXBuildFile; fileRef = 214F32D937AF825BEA63634D /* Pods_FunBox_Example.framework */; };
		D80F4FC7229C17BE758CDE6C /* Pods_FunBox_Tests.framework in Frameworks */ = {isa = PBXBuildFile; fileRef = A6ED1BDFEA0E3F39F2848A0B /* Pods_FunBox_Tests.framework */; };
/* End PBXBuildFile section */

/* Begin PBXContainerItemProxy section */
		607FACE61AFB9204008FA782 /* PBXContainerItemProxy */ = {
			isa = PBXContainerItemProxy;
			containerPortal = 607FACC81AFB9204008FA782 /* Project object */;
			proxyType = 1;
			remoteGlobalIDString = 607FACCF1AFB9204008FA782;
			remoteInfo = FunBox;
		};
/* End PBXContainerItemProxy section */

/* Begin PBXFileReference section */
		13229E97BF991B9B97ABF914 /* Pods-FunBox_Example.release.xcconfig */ = {isa = PBXFileReference; includeInIndex = 1; lastKnownFileType = text.xcconfig; name = "Pods-FunBox_Example.release.xcconfig"; path = "Target Support Files/Pods-FunBox_Example/Pods-FunBox_Example.release.xcconfig"; sourceTree = "<group>"; };
		214F32D937AF825BEA63634D /* Pods_FunBox_Example.framework */ = {isa = PBXFileReference; explicitFileType = wrapper.framework; includeInIndex = 0; path = Pods_FunBox_Example.framework; sourceTree = BUILT_PRODUCTS_DIR; };
		49031FA226859EE2004E75D7 /* Router.swift */ = {isa = PBXFileReference; fileEncoding = 4; lastKnownFileType = sourcecode.swift; path = Router.swift; sourceTree = "<group>"; };
		49031FA42685A457004E75D7 /* CoreKit.podspec */ = {isa = PBXFileReference; fileEncoding = 4; lastKnownFileType = text; name = CoreKit.podspec; path = ../CoreKit.podspec; sourceTree = "<group>"; xcLanguageSpecificationIdentifier = xcode.lang.ruby; };
		49031FA62685AD59004E75D7 /* FunAlamofire.podspec */ = {isa = PBXFileReference; lastKnownFileType = text; name = FunAlamofire.podspec; path = ../FunAlamofire.podspec; sourceTree = "<group>"; xcLanguageSpecificationIdentifier = xcode.lang.ruby; };
		49031FA72685AF9E004E75D7 /* FunModules.podspec */ = {isa = PBXFileReference; lastKnownFileType = text; name = FunModules.podspec; path = ../FunModules.podspec; sourceTree = "<group>"; xcLanguageSpecificationIdentifier = xcode.lang.ruby; };
		4918B23E25BF04DD00E330CA /* Launch Screen.storyboard */ = {isa = PBXFileReference; lastKnownFileType = file.storyboard; path = "Launch Screen.storyboard"; sourceTree = "<group>"; };
		4938EDB125D25EC100E0862E /* TestTableViewController.swift */ = {isa = PBXFileReference; lastKnownFileType = sourcecode.swift; path = TestTableViewController.swift; sourceTree = "<group>"; };
		4938EDBA25D260C600E0862E /* Test.json */ = {isa = PBXFileReference; lastKnownFileType = text.json; path = Test.json; sourceTree = "<group>"; };
		4948E91C26B3EF89008C5A3F /* AVVPNServiceDelegate.swift */ = {isa = PBXFileReference; fileEncoding = 4; lastKnownFileType = sourcecode.swift; path = AVVPNServiceDelegate.swift; sourceTree = "<group>"; };
		4948E91D26B3EF89008C5A3F /* AVVPNUserDefaultsService.swift */ = {isa = PBXFileReference; fileEncoding = 4; lastKnownFileType = sourcecode.swift; path = AVVPNUserDefaultsService.swift; sourceTree = "<group>"; };
		4948E91E26B3EF89008C5A3F /* AVVPNKeychainService.swift */ = {isa = PBXFileReference; fileEncoding = 4; lastKnownFileType = sourcecode.swift; path = AVVPNKeychainService.swift; sourceTree = "<group>"; };
		4948E91F26B3EF89008C5A3F /* AVVPNService.swift */ = {isa = PBXFileReference; fileEncoding = 4; lastKnownFileType = sourcecode.swift; path = AVVPNService.swift; sourceTree = "<group>"; };
		4948E92026B3EF89008C5A3F /* AVVPNCredentials.swift */ = {isa = PBXFileReference; fileEncoding = 4; lastKnownFileType = sourcecode.swift; path = AVVPNCredentials.swift; sourceTree = "<group>"; };
		496D55E52685D889001CB081 /* WeChatViewController.swift */ = {isa = PBXFileReference; lastKnownFileType = sourcecode.swift; path = WeChatViewController.swift; sourceTree = "<group>"; };
		4982911926AA5B640095F7A8 /* FunBox_Example.entitlements */ = {isa = PBXFileReference; lastKnownFileType = text.plist.entitlements; path = FunBox_Example.entitlements; sourceTree = "<group>"; };
		4982911A26AA5B640095F7A8 /* NetworkExtension.framework */ = {isa = PBXFileReference; lastKnownFileType = wrapper.framework; name = NetworkExtension.framework; path = System/Library/Frameworks/NetworkExtension.framework; sourceTree = SDKROOT; };
		4989CEC726B24D86006B36C6 /* VPNManager.swift */ = {isa = PBXFileReference; lastKnownFileType = sourcecode.swift; path = VPNManager.swift; sourceTree = "<group>"; };
		4989CEC926B25CCF006B36C6 /* NEKitRule.conf */ = {isa = PBXFileReference; fileEncoding = 4; lastKnownFileType = text; path = NEKitRule.conf; sourceTree = "<group>"; };
		49C2938124FBE2F6005880AD /* FunBox_Example-Bridging-Header.h */ = {isa = PBXFileReference; lastKnownFileType = sourcecode.c.h; path = "FunBox_Example-Bridging-Header.h"; sourceTree = "<group>"; };
		49C2938224FBE2F6005880AD /* OCViewController.h */ = {isa = PBXFileReference; lastKnownFileType = sourcecode.c.h; path = OCViewController.h; sourceTree = "<group>"; };
		49C2938324FBE2F6005880AD /* OCViewController.m */ = {isa = PBXFileReference; lastKnownFileType = sourcecode.c.objc; path = OCViewController.m; sourceTree = "<group>"; };
		4A0D2B6725943353005D590C /* Package.swift */ = {isa = PBXFileReference; lastKnownFileType = sourcecode.swift; name = Package.swift; path = ../Package.swift; sourceTree = "<group>"; };
		4A39D78124696BA4002BD04D /* TableViewController.swift */ = {isa = PBXFileReference; lastKnownFileType = sourcecode.swift; path = TableViewController.swift; sourceTree = "<group>"; };
		4A6AD9F4253EC119008B1773 /* WebViewController.swift */ = {isa = PBXFileReference; lastKnownFileType = sourcecode.swift; path = WebViewController.swift; sourceTree = "<group>"; };
		4A73E2D425771FC900CD4748 /* WorkModel.swift */ = {isa = PBXFileReference; fileEncoding = 4; lastKnownFileType = sourcecode.swift; path = WorkModel.swift; sourceTree = "<group>"; };
		4A73E2D625771FC900CD4748 /* WorkViewModel.swift */ = {isa = PBXFileReference; fileEncoding = 4; lastKnownFileType = sourcecode.swift; path = WorkViewModel.swift; sourceTree = "<group>"; };
		4A73E2D825771FC900CD4748 /* WorkItem.swift */ = {isa = PBXFileReference; fileEncoding = 4; lastKnownFileType = sourcecode.swift; path = WorkItem.swift; sourceTree = "<group>"; };
		4A73E2D925771FC900CD4748 /* WorkHeader.swift */ = {isa = PBXFileReference; fileEncoding = 4; lastKnownFileType = sourcecode.swift; path = WorkHeader.swift; sourceTree = "<group>"; };
		4A73E2DB25771FC900CD4748 /* WorkViewController.swift */ = {isa = PBXFileReference; fileEncoding = 4; lastKnownFileType = sourcecode.swift; path = WorkViewController.swift; sourceTree = "<group>"; };
		4A73E2DD25771FC900CD4748 /* RouteTable.JSON */ = {isa = PBXFileReference; fileEncoding = 4; lastKnownFileType = text.json; path = RouteTable.JSON; sourceTree = "<group>"; };
		4A73E2DE25771FC900CD4748 /* WorkItems.JSON */ = {isa = PBXFileReference; fileEncoding = 4; lastKnownFileType = text.json; path = WorkItems.JSON; sourceTree = "<group>"; };
		4FEABE8942A550209700BF74 /* FunBox.podspec */ = {isa = PBXFileReference; includeInIndex = 1; lastKnownFileType = text; name = FunBox.podspec; path = ../FunBox.podspec; sourceTree = "<group>"; xcLanguageSpecificationIdentifier = xcode.lang.ruby; };
		607FACD01AFB9204008FA782 /* FunBox_Example.app */ = {isa = PBXFileReference; explicitFileType = wrapper.application; includeInIndex = 0; path = FunBox_Example.app; sourceTree = BUILT_PRODUCTS_DIR; };
		607FACD41AFB9204008FA782 /* Info.plist */ = {isa = PBXFileReference; lastKnownFileType = text.plist.xml; path = Info.plist; sourceTree = "<group>"; };
		607FACD51AFB9204008FA782 /* AppDelegate.swift */ = {isa = PBXFileReference; lastKnownFileType = sourcecode.swift; path = AppDelegate.swift; sourceTree = "<group>"; };
		607FACD71AFB9204008FA782 /* ViewController.swift */ = {isa = PBXFileReference; lastKnownFileType = sourcecode.swift; path = ViewController.swift; sourceTree = "<group>"; };
		607FACDC1AFB9204008FA782 /* Images.xcassets */ = {isa = PBXFileReference; lastKnownFileType = folder.assetcatalog; path = Images.xcassets; sourceTree = "<group>"; };
		607FACE51AFB9204008FA782 /* FunBox_Tests.xctest */ = {isa = PBXFileReference; explicitFileType = wrapper.cfbundle; includeInIndex = 0; path = FunBox_Tests.xctest; sourceTree = BUILT_PRODUCTS_DIR; };
		607FACEA1AFB9204008FA782 /* Info.plist */ = {isa = PBXFileReference; lastKnownFileType = text.plist.xml; path = Info.plist; sourceTree = "<group>"; };
		607FACEB1AFB9204008FA782 /* Tests.swift */ = {isa = PBXFileReference; lastKnownFileType = sourcecode.swift; path = Tests.swift; sourceTree = "<group>"; };
		6A756AE4A6D475FE08EEE440 /* LICENSE */ = {isa = PBXFileReference; includeInIndex = 1; lastKnownFileType = text; name = LICENSE; path = ../LICENSE; sourceTree = "<group>"; };
		9EAA6CE5EB18673A78F89501 /* Pods-FunBox_Example.debug.xcconfig */ = {isa = PBXFileReference; includeInIndex = 1; lastKnownFileType = text.xcconfig; name = "Pods-FunBox_Example.debug.xcconfig"; path = "Target Support Files/Pods-FunBox_Example/Pods-FunBox_Example.debug.xcconfig"; sourceTree = "<group>"; };
		A6ED1BDFEA0E3F39F2848A0B /* Pods_FunBox_Tests.framework */ = {isa = PBXFileReference; explicitFileType = wrapper.framework; includeInIndex = 0; path = Pods_FunBox_Tests.framework; sourceTree = BUILT_PRODUCTS_DIR; };
		B73A24511CEE4ABD3EE0758E /* README.md */ = {isa = PBXFileReference; includeInIndex = 1; lastKnownFileType = net.daringfireball.markdown; name = README.md; path = ../README.md; sourceTree = "<group>"; };
		DBEBF45FD1F31E0A5AA86516 /* Pods-FunBox_Tests.release.xcconfig */ = {isa = PBXFileReference; includeInIndex = 1; lastKnownFileType = text.xcconfig; name = "Pods-FunBox_Tests.release.xcconfig"; path = "Target Support Files/Pods-FunBox_Tests/Pods-FunBox_Tests.release.xcconfig"; sourceTree = "<group>"; };
		DEB841FCA5ED5171C664419C /* Pods-FunBox_Tests.debug.xcconfig */ = {isa = PBXFileReference; includeInIndex = 1; lastKnownFileType = text.xcconfig; name = "Pods-FunBox_Tests.debug.xcconfig"; path = "Target Support Files/Pods-FunBox_Tests/Pods-FunBox_Tests.debug.xcconfig"; sourceTree = "<group>"; };
/* End PBXFileReference section */

/* Begin PBXFrameworksBuildPhase section */
		607FACCD1AFB9204008FA782 /* Frameworks */ = {
			isa = PBXFrameworksBuildPhase;
			buildActionMask = 2147483647;
			files = (
				4938EDB725D2605A00E0862E /* HandyJSON in Frameworks */,
				4982911B26AA5B640095F7A8 /* NetworkExtension.framework in Frameworks */,
				BE18932D05AF67F49E8D109B /* Pods_FunBox_Example.framework in Frameworks */,
				4AF9769825AFE79F00A1CC9C /* SnapKit in Frameworks */,
			);
			runOnlyForDeploymentPostprocessing = 0;
		};
		607FACE21AFB9204008FA782 /* Frameworks */ = {
			isa = PBXFrameworksBuildPhase;
			buildActionMask = 2147483647;
			files = (
				D80F4FC7229C17BE758CDE6C /* Pods_FunBox_Tests.framework in Frameworks */,
			);
			runOnlyForDeploymentPostprocessing = 0;
		};
/* End PBXFrameworksBuildPhase section */

/* Begin PBXGroup section */
		302BFBA622523D6DE8AAD211 /* Pods */ = {
			isa = PBXGroup;
			children = (
				9EAA6CE5EB18673A78F89501 /* Pods-FunBox_Example.debug.xcconfig */,
				13229E97BF991B9B97ABF914 /* Pods-FunBox_Example.release.xcconfig */,
				DEB841FCA5ED5171C664419C /* Pods-FunBox_Tests.debug.xcconfig */,
				DBEBF45FD1F31E0A5AA86516 /* Pods-FunBox_Tests.release.xcconfig */,
			);
			path = Pods;
			sourceTree = "<group>";
		};
		4938EDAD25D25E9B00E0862E /* Table */ = {
			isa = PBXGroup;
			children = (
				4938EDAE25D25EA500E0862E /* Controller */,
			);
			path = Table;
			sourceTree = "<group>";
		};
		4938EDAE25D25EA500E0862E /* Controller */ = {
			isa = PBXGroup;
			children = (
				4938EDB125D25EC100E0862E /* TestTableViewController.swift */,
				4938EDBA25D260C600E0862E /* Test.json */,
			);
			path = Controller;
			sourceTree = "<group>";
		};
		496D55E42685D87D001CB081 /* WeChat */ = {
			isa = PBXGroup;
			children = (
				496D55E52685D889001CB081 /* WeChatViewController.swift */,
			);
			path = WeChat;
			sourceTree = "<group>";
		};
		4982911C26AAB85A0095F7A8 /* VPN */ = {
			isa = PBXGroup;
			children = (
				4948E92026B3EF89008C5A3F /* AVVPNCredentials.swift */,
				4948E91E26B3EF89008C5A3F /* AVVPNKeychainService.swift */,
				4948E91F26B3EF89008C5A3F /* AVVPNService.swift */,
				4948E91C26B3EF89008C5A3F /* AVVPNServiceDelegate.swift */,
				4948E91D26B3EF89008C5A3F /* AVVPNUserDefaultsService.swift */,
				4989CEC926B25CCF006B36C6 /* NEKitRule.conf */,
				4989CEC726B24D86006B36C6 /* VPNManager.swift */,
			);
			path = VPN;
			sourceTree = "<group>";
		};
		4A73E2D225771FC900CD4748 /* Work */ = {
			isa = PBXGroup;
			children = (
				4A73E2D325771FC900CD4748 /* Model */,
				4A73E2D525771FC900CD4748 /* Connector */,
				4A73E2D725771FC900CD4748 /* View */,
				4A73E2DA25771FC900CD4748 /* Root */,
				4A73E2DC25771FC900CD4748 /* Resource */,
			);
			path = Work;
			sourceTree = "<group>";
		};
		4A73E2D325771FC900CD4748 /* Model */ = {
			isa = PBXGroup;
			children = (
				4A73E2D425771FC900CD4748 /* WorkModel.swift */,
			);
			path = Model;
			sourceTree = "<group>";
		};
		4A73E2D525771FC900CD4748 /* Connector */ = {
			isa = PBXGroup;
			children = (
				4A73E2D625771FC900CD4748 /* WorkViewModel.swift */,
			);
			path = Connector;
			sourceTree = "<group>";
		};
		4A73E2D725771FC900CD4748 /* View */ = {
			isa = PBXGroup;
			children = (
				4A73E2D825771FC900CD4748 /* WorkItem.swift */,
				4A73E2D925771FC900CD4748 /* WorkHeader.swift */,
			);
			path = View;
			sourceTree = "<group>";
		};
		4A73E2DA25771FC900CD4748 /* Root */ = {
			isa = PBXGroup;
			children = (
				4A73E2DB25771FC900CD4748 /* WorkViewController.swift */,
			);
			path = Root;
			sourceTree = "<group>";
		};
		4A73E2DC25771FC900CD4748 /* Resource */ = {
			isa = PBXGroup;
			children = (
				4A73E2DD25771FC900CD4748 /* RouteTable.JSON */,
				4A73E2DE25771FC900CD4748 /* WorkItems.JSON */,
			);
			path = Resource;
			sourceTree = "<group>";
		};
		4AF9768425AFE6D700A1CC9C /* Moudules */ = {
			isa = PBXGroup;
			children = (
				496D55E42685D87D001CB081 /* WeChat */,
				4938EDAD25D25E9B00E0862E /* Table */,
			);
			path = Moudules;
			sourceTree = "<group>";
		};
		607FACC71AFB9204008FA782 = {
			isa = PBXGroup;
			children = (
				4982911926AA5B640095F7A8 /* FunBox_Example.entitlements */,
				4A0D2B6725943353005D590C /* Package.swift */,
				607FACF51AFB993E008FA782 /* Podspec Metadata */,
				607FACD21AFB9204008FA782 /* Example for FunBox */,
				607FACE81AFB9204008FA782 /* Tests */,
				607FACD11AFB9204008FA782 /* Products */,
				302BFBA622523D6DE8AAD211 /* Pods */,
				9AF3BD7B31DF53C7056480C4 /* Frameworks */,
			);
			sourceTree = "<group>";
		};
		607FACD11AFB9204008FA782 /* Products */ = {
			isa = PBXGroup;
			children = (
				607FACD01AFB9204008FA782 /* FunBox_Example.app */,
				607FACE51AFB9204008FA782 /* FunBox_Tests.xctest */,
			);
			name = Products;
			sourceTree = "<group>";
		};
		607FACD21AFB9204008FA782 /* Example for FunBox */ = {
			isa = PBXGroup;
			children = (
				4982911C26AAB85A0095F7A8 /* VPN */,
				49031FA226859EE2004E75D7 /* Router.swift */,
				4AF9768425AFE6D700A1CC9C /* Moudules */,
				4A73E2D225771FC900CD4748 /* Work */,
				607FACD51AFB9204008FA782 /* AppDelegate.swift */,
				607FACD71AFB9204008FA782 /* ViewController.swift */,
				4A6AD9F4253EC119008B1773 /* WebViewController.swift */,
				4A39D78124696BA4002BD04D /* TableViewController.swift */,
				49C2938224FBE2F6005880AD /* OCViewController.h */,
				49C2938324FBE2F6005880AD /* OCViewController.m */,
				607FACDC1AFB9204008FA782 /* Images.xcassets */,
				4918B23E25BF04DD00E330CA /* Launch Screen.storyboard */,
				607FACD31AFB9204008FA782 /* Supporting Files */,
				49C2938124FBE2F6005880AD /* FunBox_Example-Bridging-Header.h */,
			);
			name = "Example for FunBox";
			path = FunBox;
			sourceTree = "<group>";
		};
		607FACD31AFB9204008FA782 /* Supporting Files */ = {
			isa = PBXGroup;
			children = (
				607FACD41AFB9204008FA782 /* Info.plist */,
			);
			name = "Supporting Files";
			sourceTree = "<group>";
		};
		607FACE81AFB9204008FA782 /* Tests */ = {
			isa = PBXGroup;
			children = (
				607FACEB1AFB9204008FA782 /* Tests.swift */,
				607FACE91AFB9204008FA782 /* Supporting Files */,
			);
			path = Tests;
			sourceTree = "<group>";
		};
		607FACE91AFB9204008FA782 /* Supporting Files */ = {
			isa = PBXGroup;
			children = (
				607FACEA1AFB9204008FA782 /* Info.plist */,
			);
			name = "Supporting Files";
			sourceTree = "<group>";
		};
		607FACF51AFB993E008FA782 /* Podspec Metadata */ = {
			isa = PBXGroup;
			children = (
				49031FA72685AF9E004E75D7 /* FunModules.podspec */,
				49031FA62685AD59004E75D7 /* FunAlamofire.podspec */,
				49031FA42685A457004E75D7 /* CoreKit.podspec */,
				4FEABE8942A550209700BF74 /* FunBox.podspec */,
				B73A24511CEE4ABD3EE0758E /* README.md */,
				6A756AE4A6D475FE08EEE440 /* LICENSE */,
			);
			name = "Podspec Metadata";
			sourceTree = "<group>";
		};
		9AF3BD7B31DF53C7056480C4 /* Frameworks */ = {
			isa = PBXGroup;
			children = (
				4982911A26AA5B640095F7A8 /* NetworkExtension.framework */,
				214F32D937AF825BEA63634D /* Pods_FunBox_Example.framework */,
				A6ED1BDFEA0E3F39F2848A0B /* Pods_FunBox_Tests.framework */,
			);
			name = Frameworks;
			sourceTree = "<group>";
		};
/* End PBXGroup section */

/* Begin PBXNativeTarget section */
		607FACCF1AFB9204008FA782 /* FunBox_Example */ = {
			isa = PBXNativeTarget;
			buildConfigurationList = 607FACEF1AFB9204008FA782 /* Build configuration list for PBXNativeTarget "FunBox_Example" */;
			buildPhases = (
				7DDC64698C7B9F46AC5A0190 /* [CP] Check Pods Manifest.lock */,
				607FACCC1AFB9204008FA782 /* Sources */,
				607FACCD1AFB9204008FA782 /* Frameworks */,
				607FACCE1AFB9204008FA782 /* Resources */,
				EC07E189EA0BCDFA86FE69AC /* [CP] Embed Pods Frameworks */,
			);
			buildRules = (
			);
			dependencies = (
			);
			name = FunBox_Example;
			packageProductDependencies = (
				4AF9769725AFE79F00A1CC9C /* SnapKit */,
				4938EDB625D2605A00E0862E /* HandyJSON */,
			);
			productName = FunBox;
			productReference = 607FACD01AFB9204008FA782 /* FunBox_Example.app */;
			productType = "com.apple.product-type.application";
		};
		607FACE41AFB9204008FA782 /* FunBox_Tests */ = {
			isa = PBXNativeTarget;
			buildConfigurationList = 607FACF21AFB9204008FA782 /* Build configuration list for PBXNativeTarget "FunBox_Tests" */;
			buildPhases = (
				16A1EA9886F4340688046092 /* [CP] Check Pods Manifest.lock */,
				607FACE11AFB9204008FA782 /* Sources */,
				607FACE21AFB9204008FA782 /* Frameworks */,
				607FACE31AFB9204008FA782 /* Resources */,
			);
			buildRules = (
			);
			dependencies = (
				607FACE71AFB9204008FA782 /* PBXTargetDependency */,
			);
			name = FunBox_Tests;
			productName = Tests;
			productReference = 607FACE51AFB9204008FA782 /* FunBox_Tests.xctest */;
			productType = "com.apple.product-type.bundle.unit-test";
		};
/* End PBXNativeTarget section */

/* Begin PBXProject section */
		607FACC81AFB9204008FA782 /* Project object */ = {
			isa = PBXProject;
			attributes = {
				LastSwiftUpdateCheck = 0830;
				LastUpgradeCheck = 1140;
				ORGANIZATIONNAME = CocoaPods;
				TargetAttributes = {
					607FACCF1AFB9204008FA782 = {
						CreatedOnToolsVersion = 6.3.1;
						LastSwiftMigration = 1160;
						ProvisioningStyle = Automatic;
					};
					607FACE41AFB9204008FA782 = {
						CreatedOnToolsVersion = 6.3.1;
						DevelopmentTeam = RYCBLDQ5JD;
						LastSwiftMigration = 1140;
						ProvisioningStyle = Automatic;
						TestTargetID = 607FACCF1AFB9204008FA782;
					};
				};
			};
			buildConfigurationList = 607FACCB1AFB9204008FA782 /* Build configuration list for PBXProject "FunBox" */;
			compatibilityVersion = "Xcode 3.2";
			developmentRegion = en;
			hasScannedForEncodings = 0;
			knownRegions = (
				en,
				"en-GB",
				Base,
				"zh-Hans",
			);
			mainGroup = 607FACC71AFB9204008FA782;
			packageReferences = (
				4AF9769625AFE79F00A1CC9C /* XCRemoteSwiftPackageReference "SnapKit" */,
				4938EDB525D2605A00E0862E /* XCRemoteSwiftPackageReference "HandyJSON" */,
			);
			productRefGroup = 607FACD11AFB9204008FA782 /* Products */;
			projectDirPath = "";
			projectRoot = "";
			targets = (
				607FACCF1AFB9204008FA782 /* FunBox_Example */,
				607FACE41AFB9204008FA782 /* FunBox_Tests */,
			);
		};
/* End PBXProject section */

/* Begin PBXResourcesBuildPhase section */
		607FACCE1AFB9204008FA782 /* Resources */ = {
			isa = PBXResourcesBuildPhase;
			buildActionMask = 2147483647;
			files = (
				49031FA52685A457004E75D7 /* CoreKit.podspec in Resources */,
				4A73E2E425771FC900CD4748 /* RouteTable.JSON in Resources */,
				4A73E2E525771FC900CD4748 /* WorkItems.JSON in Resources */,
				4918B23F25BF04DD00E330CA /* Launch Screen.storyboard in Resources */,
				607FACDD1AFB9204008FA782 /* Images.xcassets in Resources */,
				4989CECA26B25CCF006B36C6 /* NEKitRule.conf in Resources */,
				4938EDBD25D2666300E0862E /* Test.json in Resources */,
			);
			runOnlyForDeploymentPostprocessing = 0;
		};
		607FACE31AFB9204008FA782 /* Resources */ = {
			isa = PBXResourcesBuildPhase;
			buildActionMask = 2147483647;
			files = (
			);
			runOnlyForDeploymentPostprocessing = 0;
		};
/* End PBXResourcesBuildPhase section */

/* Begin PBXShellScriptBuildPhase section */
		16A1EA9886F4340688046092 /* [CP] Check Pods Manifest.lock */ = {
			isa = PBXShellScriptBuildPhase;
			buildActionMask = 2147483647;
			files = (
			);
			inputFileListPaths = (
			);
			inputPaths = (
				"${PODS_PODFILE_DIR_PATH}/Podfile.lock",
				"${PODS_ROOT}/Manifest.lock",
			);
			name = "[CP] Check Pods Manifest.lock";
			outputFileListPaths = (
			);
			outputPaths = (
				"$(DERIVED_FILE_DIR)/Pods-FunBox_Tests-checkManifestLockResult.txt",
			);
			runOnlyForDeploymentPostprocessing = 0;
			shellPath = /bin/sh;
			shellScript = "diff \"${PODS_PODFILE_DIR_PATH}/Podfile.lock\" \"${PODS_ROOT}/Manifest.lock\" > /dev/null\nif [ $? != 0 ] ; then\n    # print error to STDERR\n    echo \"error: The sandbox is not in sync with the Podfile.lock. Run 'pod install' or update your CocoaPods installation.\" >&2\n    exit 1\nfi\n# This output is used by Xcode 'outputs' to avoid re-running this script phase.\necho \"SUCCESS\" > \"${SCRIPT_OUTPUT_FILE_0}\"\n";
			showEnvVarsInLog = 0;
		};
		7DDC64698C7B9F46AC5A0190 /* [CP] Check Pods Manifest.lock */ = {
			isa = PBXShellScriptBuildPhase;
			buildActionMask = 2147483647;
			files = (
			);
			inputFileListPaths = (
			);
			inputPaths = (
				"${PODS_PODFILE_DIR_PATH}/Podfile.lock",
				"${PODS_ROOT}/Manifest.lock",
			);
			name = "[CP] Check Pods Manifest.lock";
			outputFileListPaths = (
			);
			outputPaths = (
				"$(DERIVED_FILE_DIR)/Pods-FunBox_Example-checkManifestLockResult.txt",
			);
			runOnlyForDeploymentPostprocessing = 0;
			shellPath = /bin/sh;
			shellScript = "diff \"${PODS_PODFILE_DIR_PATH}/Podfile.lock\" \"${PODS_ROOT}/Manifest.lock\" > /dev/null\nif [ $? != 0 ] ; then\n    # print error to STDERR\n    echo \"error: The sandbox is not in sync with the Podfile.lock. Run 'pod install' or update your CocoaPods installation.\" >&2\n    exit 1\nfi\n# This output is used by Xcode 'outputs' to avoid re-running this script phase.\necho \"SUCCESS\" > \"${SCRIPT_OUTPUT_FILE_0}\"\n";
			showEnvVarsInLog = 0;
		};
		EC07E189EA0BCDFA86FE69AC /* [CP] Embed Pods Frameworks */ = {
			isa = PBXShellScriptBuildPhase;
			buildActionMask = 2147483647;
			files = (
			);
			inputPaths = (
				"${PODS_ROOT}/Target Support Files/Pods-FunBox_Example/Pods-FunBox_Example-frameworks.sh",
				"${BUILT_PRODUCTS_DIR}/Alamofire/Alamofire.framework",
				"${BUILT_PRODUCTS_DIR}/CoreKit/CoreKit.framework",
				"${BUILT_PRODUCTS_DIR}/Differentiator/Differentiator.framework",
				"${BUILT_PRODUCTS_DIR}/FunAlamofire/FunAlamofire.framework",
				"${BUILT_PRODUCTS_DIR}/FunBox/FunBox.framework",
				"${BUILT_PRODUCTS_DIR}/FunModules/FunModules.framework",
				"${BUILT_PRODUCTS_DIR}/HandyJSON/HandyJSON.framework",
				"${BUILT_PRODUCTS_DIR}/Hue/Hue.framework",
				"${BUILT_PRODUCTS_DIR}/JXPhotoBrowser/JXPhotoBrowser.framework",
				"${BUILT_PRODUCTS_DIR}/Kingfisher/Kingfisher.framework",
				"${BUILT_PRODUCTS_DIR}/KingfisherWebP/KingfisherWebP.framework",
				"${BUILT_PRODUCTS_DIR}/MJRefresh/MJRefresh.framework",
				"${BUILT_PRODUCTS_DIR}/Moya/Moya.framework",
				"${BUILT_PRODUCTS_DIR}/RxAlamofire/RxAlamofire.framework",
				"${BUILT_PRODUCTS_DIR}/RxCocoa/RxCocoa.framework",
				"${BUILT_PRODUCTS_DIR}/RxDataSources/RxDataSources.framework",
				"${BUILT_PRODUCTS_DIR}/RxRelay/RxRelay.framework",
				"${BUILT_PRODUCTS_DIR}/RxSwift/RxSwift.framework",
				"${BUILT_PRODUCTS_DIR}/SnapKit/SnapKit.framework",
				"${BUILT_PRODUCTS_DIR}/TZImagePickerController/TZImagePickerController.framework",
				"${BUILT_PRODUCTS_DIR}/libwebp/libwebp.framework",
			);
			name = "[CP] Embed Pods Frameworks";
			outputPaths = (
				"${TARGET_BUILD_DIR}/${FRAMEWORKS_FOLDER_PATH}/Alamofire.framework",
				"${TARGET_BUILD_DIR}/${FRAMEWORKS_FOLDER_PATH}/CoreKit.framework",
				"${TARGET_BUILD_DIR}/${FRAMEWORKS_FOLDER_PATH}/Differentiator.framework",
				"${TARGET_BUILD_DIR}/${FRAMEWORKS_FOLDER_PATH}/FunAlamofire.framework",
				"${TARGET_BUILD_DIR}/${FRAMEWORKS_FOLDER_PATH}/FunBox.framework",
				"${TARGET_BUILD_DIR}/${FRAMEWORKS_FOLDER_PATH}/FunModules.framework",
				"${TARGET_BUILD_DIR}/${FRAMEWORKS_FOLDER_PATH}/HandyJSON.framework",
				"${TARGET_BUILD_DIR}/${FRAMEWORKS_FOLDER_PATH}/Hue.framework",
				"${TARGET_BUILD_DIR}/${FRAMEWORKS_FOLDER_PATH}/JXPhotoBrowser.framework",
				"${TARGET_BUILD_DIR}/${FRAMEWORKS_FOLDER_PATH}/Kingfisher.framework",
				"${TARGET_BUILD_DIR}/${FRAMEWORKS_FOLDER_PATH}/KingfisherWebP.framework",
				"${TARGET_BUILD_DIR}/${FRAMEWORKS_FOLDER_PATH}/MJRefresh.framework",
				"${TARGET_BUILD_DIR}/${FRAMEWORKS_FOLDER_PATH}/Moya.framework",
				"${TARGET_BUILD_DIR}/${FRAMEWORKS_FOLDER_PATH}/RxAlamofire.framework",
				"${TARGET_BUILD_DIR}/${FRAMEWORKS_FOLDER_PATH}/RxCocoa.framework",
				"${TARGET_BUILD_DIR}/${FRAMEWORKS_FOLDER_PATH}/RxDataSources.framework",
				"${TARGET_BUILD_DIR}/${FRAMEWORKS_FOLDER_PATH}/RxRelay.framework",
				"${TARGET_BUILD_DIR}/${FRAMEWORKS_FOLDER_PATH}/RxSwift.framework",
				"${TARGET_BUILD_DIR}/${FRAMEWORKS_FOLDER_PATH}/SnapKit.framework",
				"${TARGET_BUILD_DIR}/${FRAMEWORKS_FOLDER_PATH}/TZImagePickerController.framework",
				"${TARGET_BUILD_DIR}/${FRAMEWORKS_FOLDER_PATH}/libwebp.framework",
			);
			runOnlyForDeploymentPostprocessing = 0;
			shellPath = /bin/sh;
			shellScript = "\"${PODS_ROOT}/Target Support Files/Pods-FunBox_Example/Pods-FunBox_Example-frameworks.sh\"\n";
			showEnvVarsInLog = 0;
		};
/* End PBXShellScriptBuildPhase section */

/* Begin PBXSourcesBuildPhase section */
		607FACCC1AFB9204008FA782 /* Sources */ = {
			isa = PBXSourcesBuildPhase;
			buildActionMask = 2147483647;
			files = (
				4A73E2E025771FC900CD4748 /* WorkViewModel.swift in Sources */,
				607FACD81AFB9204008FA782 /* ViewController.swift in Sources */,
				49C2938424FBE2F6005880AD /* OCViewController.m in Sources */,
				4A39D78224696BA4002BD04D /* TableViewController.swift in Sources */,
				49031FA326859EE2004E75D7 /* Router.swift in Sources */,
				4948E92426B3EF89008C5A3F /* AVVPNService.swift in Sources */,
				4A73E2DF25771FC900CD4748 /* WorkModel.swift in Sources */,
				4989CEC826B24D86006B36C6 /* VPNManager.swift in Sources */,
				4A73E2E125771FC900CD4748 /* WorkItem.swift in Sources */,
				4948E92326B3EF89008C5A3F /* AVVPNKeychainService.swift in Sources */,
				4948E92126B3EF89008C5A3F /* AVVPNServiceDelegate.swift in Sources */,
				4A73E2E325771FC900CD4748 /* WorkViewController.swift in Sources */,
				607FACD61AFB9204008FA782 /* AppDelegate.swift in Sources */,
				4938EDB225D25EC100E0862E /* TestTableViewController.swift in Sources */,
				4948E92226B3EF89008C5A3F /* AVVPNUserDefaultsService.swift in Sources */,
				4A6AD9F5253EC119008B1773 /* WebViewController.swift in Sources */,
				4948E92526B3EF89008C5A3F /* AVVPNCredentials.swift in Sources */,
				496D55E62685D889001CB081 /* WeChatViewController.swift in Sources */,
				4A73E2E225771FC900CD4748 /* WorkHeader.swift in Sources */,
			);
			runOnlyForDeploymentPostprocessing = 0;
		};
		607FACE11AFB9204008FA782 /* Sources */ = {
			isa = PBXSourcesBuildPhase;
			buildActionMask = 2147483647;
			files = (
				607FACEC1AFB9204008FA782 /* Tests.swift in Sources */,
			);
			runOnlyForDeploymentPostprocessing = 0;
		};
/* End PBXSourcesBuildPhase section */

/* Begin PBXTargetDependency section */
		607FACE71AFB9204008FA782 /* PBXTargetDependency */ = {
			isa = PBXTargetDependency;
			target = 607FACCF1AFB9204008FA782 /* FunBox_Example */;
			targetProxy = 607FACE61AFB9204008FA782 /* PBXContainerItemProxy */;
		};
/* End PBXTargetDependency section */

/* Begin XCBuildConfiguration section */
		607FACED1AFB9204008FA782 /* Debug */ = {
			isa = XCBuildConfiguration;
			buildSettings = {
				ALWAYS_SEARCH_USER_PATHS = NO;
				CLANG_ANALYZER_LOCALIZABILITY_NONLOCALIZED = YES;
				CLANG_CXX_LANGUAGE_STANDARD = "gnu++0x";
				CLANG_CXX_LIBRARY = "libc++";
				CLANG_ENABLE_MODULES = YES;
				CLANG_ENABLE_OBJC_ARC = YES;
				CLANG_WARN_BLOCK_CAPTURE_AUTORELEASING = YES;
				CLANG_WARN_BOOL_CONVERSION = YES;
				CLANG_WARN_COMMA = YES;
				CLANG_WARN_CONSTANT_CONVERSION = YES;
				CLANG_WARN_DEPRECATED_OBJC_IMPLEMENTATIONS = YES;
				CLANG_WARN_DIRECT_OBJC_ISA_USAGE = YES_ERROR;
				CLANG_WARN_EMPTY_BODY = YES;
				CLANG_WARN_ENUM_CONVERSION = YES;
				CLANG_WARN_INFINITE_RECURSION = YES;
				CLANG_WARN_INT_CONVERSION = YES;
				CLANG_WARN_NON_LITERAL_NULL_CONVERSION = YES;
				CLANG_WARN_OBJC_IMPLICIT_RETAIN_SELF = YES;
				CLANG_WARN_OBJC_LITERAL_CONVERSION = YES;
				CLANG_WARN_OBJC_ROOT_CLASS = YES_ERROR;
				CLANG_WARN_RANGE_LOOP_ANALYSIS = YES;
				CLANG_WARN_STRICT_PROTOTYPES = YES;
				CLANG_WARN_SUSPICIOUS_MOVE = YES;
				CLANG_WARN_UNREACHABLE_CODE = YES;
				CLANG_WARN__DUPLICATE_METHOD_MATCH = YES;
				"CODE_SIGN_IDENTITY[sdk=iphoneos*]" = "iPhone Developer";
				COPY_PHASE_STRIP = NO;
				DEBUG_INFORMATION_FORMAT = "dwarf-with-dsym";
				ENABLE_STRICT_OBJC_MSGSEND = YES;
				ENABLE_TESTABILITY = YES;
				GCC_C_LANGUAGE_STANDARD = gnu99;
				GCC_DYNAMIC_NO_PIC = NO;
				GCC_NO_COMMON_BLOCKS = YES;
				GCC_OPTIMIZATION_LEVEL = 0;
				GCC_PREPROCESSOR_DEFINITIONS = (
					"DEBUG=1",
					"$(inherited)",
				);
				GCC_SYMBOLS_PRIVATE_EXTERN = NO;
				GCC_WARN_64_TO_32_BIT_CONVERSION = YES;
				GCC_WARN_ABOUT_RETURN_TYPE = YES_ERROR;
				GCC_WARN_UNDECLARED_SELECTOR = YES;
				GCC_WARN_UNINITIALIZED_AUTOS = YES_AGGRESSIVE;
				GCC_WARN_UNUSED_FUNCTION = YES;
				GCC_WARN_UNUSED_VARIABLE = YES;
				IPHONEOS_DEPLOYMENT_TARGET = 11.0;
				MTL_ENABLE_DEBUG_INFO = YES;
				ONLY_ACTIVE_ARCH = YES;
				SDKROOT = iphoneos;
				SWIFT_ENABLE_BATCH_MODE = NO;
				SWIFT_OPTIMIZATION_LEVEL = "-Onone";
			};
			name = Debug;
		};
		607FACEE1AFB9204008FA782 /* Release */ = {
			isa = XCBuildConfiguration;
			buildSettings = {
				ALWAYS_SEARCH_USER_PATHS = NO;
				CLANG_ANALYZER_LOCALIZABILITY_NONLOCALIZED = YES;
				CLANG_CXX_LANGUAGE_STANDARD = "gnu++0x";
				CLANG_CXX_LIBRARY = "libc++";
				CLANG_ENABLE_MODULES = YES;
				CLANG_ENABLE_OBJC_ARC = YES;
				CLANG_WARN_BLOCK_CAPTURE_AUTORELEASING = YES;
				CLANG_WARN_BOOL_CONVERSION = YES;
				CLANG_WARN_COMMA = YES;
				CLANG_WARN_CONSTANT_CONVERSION = YES;
				CLANG_WARN_DEPRECATED_OBJC_IMPLEMENTATIONS = YES;
				CLANG_WARN_DIRECT_OBJC_ISA_USAGE = YES_ERROR;
				CLANG_WARN_EMPTY_BODY = YES;
				CLANG_WARN_ENUM_CONVERSION = YES;
				CLANG_WARN_INFINITE_RECURSION = YES;
				CLANG_WARN_INT_CONVERSION = YES;
				CLANG_WARN_NON_LITERAL_NULL_CONVERSION = YES;
				CLANG_WARN_OBJC_IMPLICIT_RETAIN_SELF = YES;
				CLANG_WARN_OBJC_LITERAL_CONVERSION = YES;
				CLANG_WARN_OBJC_ROOT_CLASS = YES_ERROR;
				CLANG_WARN_RANGE_LOOP_ANALYSIS = YES;
				CLANG_WARN_STRICT_PROTOTYPES = YES;
				CLANG_WARN_SUSPICIOUS_MOVE = YES;
				CLANG_WARN_UNREACHABLE_CODE = YES;
				CLANG_WARN__DUPLICATE_METHOD_MATCH = YES;
				"CODE_SIGN_IDENTITY[sdk=iphoneos*]" = "iPhone Developer";
				COPY_PHASE_STRIP = NO;
				DEBUG_INFORMATION_FORMAT = "dwarf-with-dsym";
				ENABLE_NS_ASSERTIONS = NO;
				ENABLE_STRICT_OBJC_MSGSEND = YES;
				GCC_C_LANGUAGE_STANDARD = gnu99;
				GCC_NO_COMMON_BLOCKS = YES;
				GCC_WARN_64_TO_32_BIT_CONVERSION = YES;
				GCC_WARN_ABOUT_RETURN_TYPE = YES_ERROR;
				GCC_WARN_UNDECLARED_SELECTOR = YES;
				GCC_WARN_UNINITIALIZED_AUTOS = YES_AGGRESSIVE;
				GCC_WARN_UNUSED_FUNCTION = YES;
				GCC_WARN_UNUSED_VARIABLE = YES;
				IPHONEOS_DEPLOYMENT_TARGET = 11.0;
				MTL_ENABLE_DEBUG_INFO = NO;
				SDKROOT = iphoneos;
				SWIFT_COMPILATION_MODE = wholemodule;
				SWIFT_ENABLE_BATCH_MODE = NO;
				SWIFT_OPTIMIZATION_LEVEL = "-O";
				VALIDATE_PRODUCT = YES;
			};
			name = Release;
		};
		607FACF01AFB9204008FA782 /* Debug */ = {
			isa = XCBuildConfiguration;
			baseConfigurationReference = 9EAA6CE5EB18673A78F89501 /* Pods-FunBox_Example.debug.xcconfig */;
			buildSettings = {
				ASSETCATALOG_COMPILER_APPICON_NAME = AppIcon;
				CLANG_ENABLE_MODULES = YES;
				CODE_SIGN_ENTITLEMENTS = FunBox_Example.entitlements;
				CODE_SIGN_IDENTITY = "Apple Development";
				CODE_SIGN_STYLE = Automatic;
				DEVELOPMENT_TEAM = 2LCH74LFMW;
				EXCLUDED_ARCHS = armv7;
				INFOPLIST_FILE = FunBox/Info.plist;
				IPHONEOS_DEPLOYMENT_TARGET = 11.0;
				LD_RUNPATH_SEARCH_PATHS = (
					"$(inherited)",
					"@executable_path/Frameworks",
				);
				MODULE_NAME = ExampleApp;
				PRODUCT_BUNDLE_IDENTIFIER = "cn.wiguo.demo.FunBox-Example";
				PRODUCT_NAME = "$(TARGET_NAME)";
				PROVISIONING_PROFILE_SPECIFIER = "";
				SWIFT_OBJC_BRIDGING_HEADER = "FunBox/FunBox_Example-Bridging-Header.h";
				SWIFT_OPTIMIZATION_LEVEL = "-Onone";
				SWIFT_SWIFT3_OBJC_INFERENCE = Default;
				SWIFT_VERSION = 5.0;
			};
			name = Debug;
		};
		607FACF11AFB9204008FA782 /* Release */ = {
			isa = XCBuildConfiguration;
			baseConfigurationReference = 13229E97BF991B9B97ABF914 /* Pods-FunBox_Example.release.xcconfig */;
			buildSettings = {
				ASSETCATALOG_COMPILER_APPICON_NAME = AppIcon;
				CLANG_ENABLE_MODULES = YES;
				CODE_SIGN_ENTITLEMENTS = FunBox_Example.entitlements;
				CODE_SIGN_IDENTITY = "Apple Development";
				CODE_SIGN_STYLE = Automatic;
				DEVELOPMENT_TEAM = 2LCH74LFMW;
				EXCLUDED_ARCHS = armv7;
				INFOPLIST_FILE = FunBox/Info.plist;
				IPHONEOS_DEPLOYMENT_TARGET = 11.0;
				LD_RUNPATH_SEARCH_PATHS = (
					"$(inherited)",
					"@executable_path/Frameworks",
				);
				MODULE_NAME = ExampleApp;
				PRODUCT_BUNDLE_IDENTIFIER = "cn.wiguo.demo.FunBox-Example";
				PRODUCT_NAME = "$(TARGET_NAME)";
				PROVISIONING_PROFILE_SPECIFIER = "";
				SWIFT_OBJC_BRIDGING_HEADER = "FunBox/FunBox_Example-Bridging-Header.h";
				SWIFT_SWIFT3_OBJC_INFERENCE = Default;
				SWIFT_VERSION = 5.0;
			};
			name = Release;
		};
		607FACF31AFB9204008FA782 /* Debug */ = {
			isa = XCBuildConfiguration;
			baseConfigurationReference = DEB841FCA5ED5171C664419C /* Pods-FunBox_Tests.debug.xcconfig */;
			buildSettings = {
				CODE_SIGN_IDENTITY = "Apple Development";
				"CODE_SIGN_IDENTITY[sdk=macosx*]" = "Apple Development";
				CODE_SIGN_STYLE = Automatic;
				DEVELOPMENT_TEAM = RYCBLDQ5JD;
				FRAMEWORK_SEARCH_PATHS = (
					"$(PLATFORM_DIR)/Developer/Library/Frameworks",
					"$(inherited)",
				);
				GCC_PREPROCESSOR_DEFINITIONS = (
					"DEBUG=1",
					"$(inherited)",
				);
				INFOPLIST_FILE = Tests/Info.plist;
				LD_RUNPATH_SEARCH_PATHS = (
					"$(inherited)",
					"@executable_path/Frameworks",
					"@loader_path/Frameworks",
				);
				PRODUCT_BUNDLE_IDENTIFIER = "org.cocoapods.$(PRODUCT_NAME:rfc1034identifier)";
				PRODUCT_NAME = "$(TARGET_NAME)";
				PROVISIONING_PROFILE_SPECIFIER = "";
				"PROVISIONING_PROFILE_SPECIFIER[sdk=macosx*]" = "";
				SWIFT_SWIFT3_OBJC_INFERENCE = Default;
				SWIFT_VERSION = 5.0;
				TEST_HOST = "$(BUILT_PRODUCTS_DIR)/FunBox_Example.app/FunBox_Example";
			};
			name = Debug;
		};
		607FACF41AFB9204008FA782 /* Release */ = {
			isa = XCBuildConfiguration;
			baseConfigurationReference = DBEBF45FD1F31E0A5AA86516 /* Pods-FunBox_Tests.release.xcconfig */;
			buildSettings = {
				CODE_SIGN_IDENTITY = "Apple Development";
				"CODE_SIGN_IDENTITY[sdk=macosx*]" = "Apple Development";
				CODE_SIGN_STYLE = Automatic;
				DEVELOPMENT_TEAM = RYCBLDQ5JD;
				FRAMEWORK_SEARCH_PATHS = (
					"$(PLATFORM_DIR)/Developer/Library/Frameworks",
					"$(inherited)",
				);
				INFOPLIST_FILE = Tests/Info.plist;
				LD_RUNPATH_SEARCH_PATHS = (
					"$(inherited)",
					"@executable_path/Frameworks",
					"@loader_path/Frameworks",
				);
				PRODUCT_BUNDLE_IDENTIFIER = "org.cocoapods.$(PRODUCT_NAME:rfc1034identifier)";
				PRODUCT_NAME = "$(TARGET_NAME)";
				PROVISIONING_PROFILE_SPECIFIER = "";
				"PROVISIONING_PROFILE_SPECIFIER[sdk=macosx*]" = "";
				SWIFT_SWIFT3_OBJC_INFERENCE = Default;
				SWIFT_VERSION = 5.0;
				TEST_HOST = "$(BUILT_PRODUCTS_DIR)/FunBox_Example.app/FunBox_Example";
			};
			name = Release;
		};
/* End XCBuildConfiguration section */

/* Begin XCConfigurationList section */
		607FACCB1AFB9204008FA782 /* Build configuration list for PBXProject "FunBox" */ = {
			isa = XCConfigurationList;
			buildConfigurations = (
				607FACED1AFB9204008FA782 /* Debug */,
				607FACEE1AFB9204008FA782 /* Release */,
			);
			defaultConfigurationIsVisible = 0;
			defaultConfigurationName = Release;
		};
		607FACEF1AFB9204008FA782 /* Build configuration list for PBXNativeTarget "FunBox_Example" */ = {
			isa = XCConfigurationList;
			buildConfigurations = (
				607FACF01AFB9204008FA782 /* Debug */,
				607FACF11AFB9204008FA782 /* Release */,
			);
			defaultConfigurationIsVisible = 0;
			defaultConfigurationName = Release;
		};
		607FACF21AFB9204008FA782 /* Build configuration list for PBXNativeTarget "FunBox_Tests" */ = {
			isa = XCConfigurationList;
			buildConfigurations = (
				607FACF31AFB9204008FA782 /* Debug */,
				607FACF41AFB9204008FA782 /* Release */,
			);
			defaultConfigurationIsVisible = 0;
			defaultConfigurationName = Release;
		};
/* End XCConfigurationList section */

/* Begin XCRemoteSwiftPackageReference section */
		4938EDB525D2605A00E0862E /* XCRemoteSwiftPackageReference "HandyJSON" */ = {
			isa = XCRemoteSwiftPackageReference;
			repositoryURL = "https://github.com/alibaba/HandyJSON.git";
			requirement = {
				kind = upToNextMajorVersion;
				minimumVersion = 5.0.2;
			};
		};
		4AF9769625AFE79F00A1CC9C /* XCRemoteSwiftPackageReference "SnapKit" */ = {
			isa = XCRemoteSwiftPackageReference;
			repositoryURL = "https://github.com/SnapKit/SnapKit.git";
			requirement = {
				kind = upToNextMajorVersion;
				minimumVersion = 5.0.1;
			};
		};
/* End XCRemoteSwiftPackageReference section */

/* Begin XCSwiftPackageProductDependency section */
		4938EDB625D2605A00E0862E /* HandyJSON */ = {
			isa = XCSwiftPackageProductDependency;
			package = 4938EDB525D2605A00E0862E /* XCRemoteSwiftPackageReference "HandyJSON" */;
			productName = HandyJSON;
		};
		4AF9769725AFE79F00A1CC9C /* SnapKit */ = {
			isa = XCSwiftPackageProductDependency;
			package = 4AF9769625AFE79F00A1CC9C /* XCRemoteSwiftPackageReference "SnapKit" */;
			productName = SnapKit;
		};
/* End XCSwiftPackageProductDependency section */
	};
	rootObject = 607FACC81AFB9204008FA782 /* Project object */;
}
